// !$*UTF8*$!
{
	archiveVersion = 1;
	classes = {
	};
	objectVersion = 48;
	objects = {

/* Begin PBXBuildFile section */
		3031DECE2005D22B00F05DD0 /* AppDelegate.swift in Sources */ = {isa = PBXBuildFile; fileRef = 3031DECD2005D22B00F05DD0 /* AppDelegate.swift */; };
		3031DED02005D22B00F05DD0 /* ViewController.swift in Sources */ = {isa = PBXBuildFile; fileRef = 3031DECF2005D22B00F05DD0 /* ViewController.swift */; };
		3031DED32005D22B00F05DD0 /* Main.storyboard in Resources */ = {isa = PBXBuildFile; fileRef = 3031DED12005D22B00F05DD0 /* Main.storyboard */; };
		3031DED52005D22B00F05DD0 /* Assets.xcassets in Resources */ = {isa = PBXBuildFile; fileRef = 3031DED42005D22B00F05DD0 /* Assets.xcassets */; };
		3031DED82005D22B00F05DD0 /* LaunchScreen.storyboard in Resources */ = {isa = PBXBuildFile; fileRef = 3031DED62005D22B00F05DD0 /* LaunchScreen.storyboard */; };
		3031DEE32005D22B00F05DD0 /* PassingDataViewControllerTests.swift in Sources */ = {isa = PBXBuildFile; fileRef = 3031DEE22005D22B00F05DD0 /* PassingDataViewControllerTests.swift */; };
		3031DEEE2005D22B00F05DD0 /* PassingDataViewControllerUITests.swift in Sources */ = {isa = PBXBuildFile; fileRef = 3031DEED2005D22B00F05DD0 /* PassingDataViewControllerUITests.swift */; };
/* End PBXBuildFile section */

/* Begin PBXContainerItemProxy section */
		3031DEDF2005D22B00F05DD0 /* PBXContainerItemProxy */ = {
			isa = PBXContainerItemProxy;
			containerPortal = 3031DEC22005D22B00F05DD0 /* Project object */;
			proxyType = 1;
			remoteGlobalIDString = 3031DEC92005D22B00F05DD0;
			remoteInfo = PassingDataViewController;
		};
		3031DEEA2005D22B00F05DD0 /* PBXContainerItemProxy */ = {
			isa = PBXContainerItemProxy;
			containerPortal = 3031DEC22005D22B00F05DD0 /* Project object */;
			proxyType = 1;
			remoteGlobalIDString = 3031DEC92005D22B00F05DD0;
			remoteInfo = PassingDataViewController;
		};
/* End PBXContainerItemProxy section */

/* Begin PBXFileReference section */
		3031DECA2005D22B00F05DD0 /* PassingDataViewController.app */ = {isa = PBXFileReference; explicitFileType = wrapper.application; includeInIndex = 0; path = PassingDataViewController.app; sourceTree = BUILT_PRODUCTS_DIR; };
		3031DECD2005D22B00F05DD0 /* AppDelegate.swift */ = {isa = PBXFileReference; lastKnownFileType = sourcecode.swift; path = AppDelegate.swift; sourceTree = "<group>"; };
		3031DECF2005D22B00F05DD0 /* ViewController.swift */ = {isa = PBXFileReference; lastKnownFileType = sourcecode.swift; path = ViewController.swift; sourceTree = "<group>"; };
		3031DED22005D22B00F05DD0 /* Base */ = {isa = PBXFileReference; lastKnownFileType = file.storyboard; name = Base; path = Base.lproj/Main.storyboard; sourceTree = "<group>"; };
		3031DED42005D22B00F05DD0 /* Assets.xcassets */ = {isa = PBXFileReference; lastKnownFileType = folder.assetcatalog; path = Assets.xcassets; sourceTree = "<group>"; };
		3031DED72005D22B00F05DD0 /* Base */ = {isa = PBXFileReference; lastKnownFileType = file.storyboard; name = Base; path = Base.lproj/LaunchScreen.storyboard; sourceTree = "<group>"; };
		3031DED92005D22B00F05DD0 /* Info.plist */ = {isa = PBXFileReference; lastKnownFileType = text.plist.xml; path = Info.plist; sourceTree = "<group>"; };
		3031DEDE2005D22B00F05DD0 /* PassingDataViewControllerTests.xctest */ = {isa = PBXFileReference; explicitFileType = wrapper.cfbundle; includeInIndex = 0; path = PassingDataViewControllerTests.xctest; sourceTree = BUILT_PRODUCTS_DIR; };
		3031DEE22005D22B00F05DD0 /* PassingDataViewControllerTests.swift */ = {isa = PBXFileReference; lastKnownFileType = sourcecode.swift; path = PassingDataViewControllerTests.swift; sourceTree = "<group>"; };
		3031DEE42005D22B00F05DD0 /* Info.plist */ = {isa = PBXFileReference; lastKnownFileType = text.plist.xml; path = Info.plist; sourceTree = "<group>"; };
		3031DEE92005D22B00F05DD0 /* PassingDataViewControllerUITests.xctest */ = {isa = PBXFileReference; explicitFileType = wrapper.cfbundle; includeInIndex = 0; path = PassingDataViewControllerUITests.xctest; sourceTree = BUILT_PRODUCTS_DIR; };
		3031DEED2005D22B00F05DD0 /* PassingDataViewControllerUITests.swift */ = {isa = PBXFileReference; lastKnownFileType = sourcecode.swift; path = PassingDataViewControllerUITests.swift; sourceTree = "<group>"; };
		3031DEEF2005D22B00F05DD0 /* Info.plist */ = {isa = PBXFileReference; lastKnownFileType = text.plist.xml; path = Info.plist; sourceTree = "<group>"; };
/* End PBXFileReference section */

/* Begin PBXFrameworksBuildPhase section */
		3031DEC72005D22B00F05DD0 /* Frameworks */ = {
			isa = PBXFrameworksBuildPhase;
			buildActionMask = 2147483647;
			files = (
			);
			runOnlyForDeploymentPostprocessing = 0;
		};
		3031DEDB2005D22B00F05DD0 /* Frameworks */ = {
			isa = PBXFrameworksBuildPhase;
			buildActionMask = 2147483647;
			files = (
			);
			runOnlyForDeploymentPostprocessing = 0;
		};
		3031DEE62005D22B00F05DD0 /* Frameworks */ = {
			isa = PBXFrameworksBuildPhase;
			buildActionMask = 2147483647;
			files = (
			);
			runOnlyForDeploymentPostprocessing = 0;
		};
/* End PBXFrameworksBuildPhase section */

/* Begin PBXGroup section */
		3031DEC12005D22B00F05DD0 = {
			isa = PBXGroup;
			children = (
				3031DECC2005D22B00F05DD0 /* PassingDataViewController */,
				3031DEE12005D22B00F05DD0 /* PassingDataViewControllerTests */,
				3031DEEC2005D22B00F05DD0 /* PassingDataViewControllerUITests */,
				3031DECB2005D22B00F05DD0 /* Products */,
			);
			sourceTree = "<group>";
		};
		3031DECB2005D22B00F05DD0 /* Products */ = {
			isa = PBXGroup;
			children = (
				3031DECA2005D22B00F05DD0 /* PassingDataViewController.app */,
				3031DEDE2005D22B00F05DD0 /* PassingDataViewControllerTests.xctest */,
				3031DEE92005D22B00F05DD0 /* PassingDataViewControllerUITests.xctest */,
			);
			name = Products;
			sourceTree = "<group>";
		};
		3031DECC2005D22B00F05DD0 /* PassingDataViewController */ = {
			isa = PBXGroup;
			children = (
				3031DECD2005D22B00F05DD0 /* AppDelegate.swift */,
				3031DECF2005D22B00F05DD0 /* ViewController.swift */,
				3031DED12005D22B00F05DD0 /* Main.storyboard */,
				3031DED42005D22B00F05DD0 /* Assets.xcassets */,
				3031DED62005D22B00F05DD0 /* LaunchScreen.storyboard */,
				3031DED92005D22B00F05DD0 /* Info.plist */,
			);
			path = PassingDataViewController;
			sourceTree = "<group>";
		};
		3031DEE12005D22B00F05DD0 /* PassingDataViewControllerTests */ = {
			isa = PBXGroup;
			children = (
				3031DEE22005D22B00F05DD0 /* PassingDataViewControllerTests.swift */,
				3031DEE42005D22B00F05DD0 /* Info.plist */,
			);
			path = PassingDataViewControllerTests;
			sourceTree = "<group>";
		};
		3031DEEC2005D22B00F05DD0 /* PassingDataViewControllerUITests */ = {
			isa = PBXGroup;
			children = (
				3031DEED2005D22B00F05DD0 /* PassingDataViewControllerUITests.swift */,
				3031DEEF2005D22B00F05DD0 /* Info.plist */,
			);
			path = PassingDataViewControllerUITests;
			sourceTree = "<group>";
		};
/* End PBXGroup section */

/* Begin PBXNativeTarget section */
		3031DEC92005D22B00F05DD0 /* PassingDataViewController */ = {
			isa = PBXNativeTarget;
			buildConfigurationList = 3031DEF22005D22B00F05DD0 /* Build configuration list for PBXNativeTarget "PassingDataViewController" */;
			buildPhases = (
				3031DEC62005D22B00F05DD0 /* Sources */,
				3031DEC72005D22B00F05DD0 /* Frameworks */,
				3031DEC82005D22B00F05DD0 /* Resources */,
			);
			buildRules = (
			);
			dependencies = (
			);
			name = PassingDataViewController;
			productName = PassingDataViewController;
			productReference = 3031DECA2005D22B00F05DD0 /* PassingDataViewController.app */;
			productType = "com.apple.product-type.application";
		};
		3031DEDD2005D22B00F05DD0 /* PassingDataViewControllerTests */ = {
			isa = PBXNativeTarget;
			buildConfigurationList = 3031DEF52005D22B00F05DD0 /* Build configuration list for PBXNativeTarget "PassingDataViewControllerTests" */;
			buildPhases = (
				3031DEDA2005D22B00F05DD0 /* Sources */,
				3031DEDB2005D22B00F05DD0 /* Frameworks */,
				3031DEDC2005D22B00F05DD0 /* Resources */,
			);
			buildRules = (
			);
			dependencies = (
				3031DEE02005D22B00F05DD0 /* PBXTargetDependency */,
			);
			name = PassingDataViewControllerTests;
			productName = PassingDataViewControllerTests;
			productReference = 3031DEDE2005D22B00F05DD0 /* PassingDataViewControllerTests.xctest */;
			productType = "com.apple.product-type.bundle.unit-test";
		};
		3031DEE82005D22B00F05DD0 /* PassingDataViewControllerUITests */ = {
			isa = PBXNativeTarget;
			buildConfigurationList = 3031DEF82005D22B00F05DD0 /* Build configuration list for PBXNativeTarget "PassingDataViewControllerUITests" */;
			buildPhases = (
				3031DEE52005D22B00F05DD0 /* Sources */,
				3031DEE62005D22B00F05DD0 /* Frameworks */,
				3031DEE72005D22B00F05DD0 /* Resources */,
			);
			buildRules = (
			);
			dependencies = (
				3031DEEB2005D22B00F05DD0 /* PBXTargetDependency */,
			);
			name = PassingDataViewControllerUITests;
			productName = PassingDataViewControllerUITests;
			productReference = 3031DEE92005D22B00F05DD0 /* PassingDataViewControllerUITests.xctest */;
			productType = "com.apple.product-type.bundle.ui-testing";
		};
/* End PBXNativeTarget section */

/* Begin PBXProject section */
		3031DEC22005D22B00F05DD0 /* Project object */ = {
			isa = PBXProject;
			attributes = {
				LastSwiftUpdateCheck = 0910;
				LastUpgradeCheck = 0910;
				ORGANIZATIONNAME = "Wan Ching";
				TargetAttributes = {
					3031DEC92005D22B00F05DD0 = {
						CreatedOnToolsVersion = 9.1;
						ProvisioningStyle = Automatic;
					};
					3031DEDD2005D22B00F05DD0 = {
						CreatedOnToolsVersion = 9.1;
						ProvisioningStyle = Automatic;
						TestTargetID = 3031DEC92005D22B00F05DD0;
					};
					3031DEE82005D22B00F05DD0 = {
						CreatedOnToolsVersion = 9.1;
						ProvisioningStyle = Automatic;
						TestTargetID = 3031DEC92005D22B00F05DD0;
					};
				};
			};
			buildConfigurationList = 3031DEC52005D22B00F05DD0 /* Build configuration list for PBXProject "PassingDataViewController" */;
			compatibilityVersion = "Xcode 8.0";
			developmentRegion = en;
			hasScannedForEncodings = 0;
			knownRegions = (
				en,
				Base,
			);
			mainGroup = 3031DEC12005D22B00F05DD0;
			productRefGroup = 3031DECB2005D22B00F05DD0 /* Products */;
			projectDirPath = "";
			projectRoot = "";
			targets = (
				3031DEC92005D22B00F05DD0 /* PassingDataViewController */,
				3031DEDD2005D22B00F05DD0 /* PassingDataViewControllerTests */,
				3031DEE82005D22B00F05DD0 /* PassingDataViewControllerUITests */,
			);
		};
/* End PBXProject section */

/* Begin PBXResourcesBuildPhase section */
		3031DEC82005D22B00F05DD0 /* Resources */ = {
			isa = PBXResourcesBuildPhase;
			buildActionMask = 2147483647;
			files = (
				3031DED82005D22B00F05DD0 /* LaunchScreen.storyboard in Resources */,
				3031DED52005D22B00F05DD0 /* Assets.xcassets in Resources */,
				3031DED32005D22B00F05DD0 /* Main.storyboard in Resources */,
			);
			runOnlyForDeploymentPostprocessing = 0;
		};
		3031DEDC2005D22B00F05DD0 /* Resources */ = {
			isa = PBXResourcesBuildPhase;
			buildActionMask = 2147483647;
			files = (
			);
			runOnlyForDeploymentPostprocessing = 0;
		};
		3031DEE72005D22B00F05DD0 /* Resources */ = {
			isa = PBXResourcesBuildPhase;
			buildActionMask = 2147483647;
			files = (
			);
			runOnlyForDeploymentPostprocessing = 0;
		};
/* End PBXResourcesBuildPhase section */

/* Begin PBXSourcesBuildPhase section */
		3031DEC62005D22B00F05DD0 /* Sources */ = {
			isa = PBXSourcesBuildPhase;
			buildActionMask = 2147483647;
			files = (
				3031DED02005D22B00F05DD0 /* ViewController.swift in Sources */,
				3031DECE2005D22B00F05DD0 /* AppDelegate.swift in Sources */,
			);
			runOnlyForDeploymentPostprocessing = 0;
		};
		3031DEDA2005D22B00F05DD0 /* Sources */ = {
			isa = PBXSourcesBuildPhase;
			buildActionMask = 2147483647;
			files = (
				3031DEE32005D22B00F05DD0 /* PassingDataViewControllerTests.swift in Sources */,
			);
			runOnlyForDeploymentPostprocessing = 0;
		};
		3031DEE52005D22B00F05DD0 /* Sources */ = {
			isa = PBXSourcesBuildPhase;
			buildActionMask = 2147483647;
			files = (
				3031DEEE2005D22B00F05DD0 /* PassingDataViewControllerUITests.swift in Sources */,
			);
			runOnlyForDeploymentPostprocessing = 0;
		};
/* End PBXSourcesBuildPhase section */

/* Begin PBXTargetDependency section */
		3031DEE02005D22B00F05DD0 /* PBXTargetDependency */ = {
			isa = PBXTargetDependency;
			target = 3031DEC92005D22B00F05DD0 /* PassingDataViewController */;
			targetProxy = 3031DEDF2005D22B00F05DD0 /* PBXContainerItemProxy */;
		};
		3031DEEB2005D22B00F05DD0 /* PBXTargetDependency */ = {
			isa = PBXTargetDependency;
			target = 3031DEC92005D22B00F05DD0 /* PassingDataViewController */;
			targetProxy = 3031DEEA2005D22B00F05DD0 /* PBXContainerItemProxy */;
		};
/* End PBXTargetDependency section */

/* Begin PBXVariantGroup section */
		3031DED12005D22B00F05DD0 /* Main.storyboard */ = {
			isa = PBXVariantGroup;
			children = (
				3031DED22005D22B00F05DD0 /* Base */,
			);
			name = Main.storyboard;
			sourceTree = "<group>";
		};
		3031DED62005D22B00F05DD0 /* LaunchScreen.storyboard */ = {
			isa = PBXVariantGroup;
			children = (
				3031DED72005D22B00F05DD0 /* Base */,
			);
			name = LaunchScreen.storyboard;
			sourceTree = "<group>";
		};
/* End PBXVariantGroup section */

/* Begin XCBuildConfiguration section */
		3031DEF02005D22B00F05DD0 /* Debug */ = {
			isa = XCBuildConfiguration;
			buildSettings = {
				ALWAYS_SEARCH_USER_PATHS = NO;
				CLANG_ANALYZER_NONNULL = YES;
				CLANG_ANALYZER_NUMBER_OBJECT_CONVERSION = YES_AGGRESSIVE;
				CLANG_CXX_LANGUAGE_STANDARD = "gnu++14";
				CLANG_CXX_LIBRARY = "libc++";
				CLANG_ENABLE_MODULES = YES;
				CLANG_ENABLE_OBJC_ARC = YES;
				CLANG_WARN_BLOCK_CAPTURE_AUTORELEASING = YES;
				CLANG_WARN_BOOL_CONVERSION = YES;
				CLANG_WARN_COMMA = YES;
				CLANG_WARN_CONSTANT_CONVERSION = YES;
				CLANG_WARN_DIRECT_OBJC_ISA_USAGE = YES_ERROR;
				CLANG_WARN_DOCUMENTATION_COMMENTS = YES;
				CLANG_WARN_EMPTY_BODY = YES;
				CLANG_WARN_ENUM_CONVERSION = YES;
				CLANG_WARN_INFINITE_RECURSION = YES;
				CLANG_WARN_INT_CONVERSION = YES;
				CLANG_WARN_NON_LITERAL_NULL_CONVERSION = YES;
				CLANG_WARN_OBJC_LITERAL_CONVERSION = YES;
				CLANG_WARN_OBJC_ROOT_CLASS = YES_ERROR;
				CLANG_WARN_RANGE_LOOP_ANALYSIS = YES;
				CLANG_WARN_STRICT_PROTOTYPES = YES;
				CLANG_WARN_SUSPICIOUS_MOVE = YES;
				CLANG_WARN_UNGUARDED_AVAILABILITY = YES_AGGRESSIVE;
				CLANG_WARN_UNREACHABLE_CODE = YES;
				CLANG_WARN__DUPLICATE_METHOD_MATCH = YES;
				CODE_SIGN_IDENTITY = "iPhone Developer";
				COPY_PHASE_STRIP = NO;
				DEBUG_INFORMATION_FORMAT = dwarf;
				ENABLE_STRICT_OBJC_MSGSEND = YES;
				ENABLE_TESTABILITY = YES;
				GCC_C_LANGUAGE_STANDARD = gnu11;
				GCC_DYNAMIC_NO_PIC = NO;
				GCC_NO_COMMON_BLOCKS = YES;
				GCC_OPTIMIZATION_LEVEL = 0;
				GCC_PREPROCESSOR_DEFINITIONS = (
					"DEBUG=1",
					"$(inherited)",
				);
				GCC_WARN_64_TO_32_BIT_CONVERSION = YES;
				GCC_WARN_ABOUT_RETURN_TYPE = YES_ERROR;
				GCC_WARN_UNDECLARED_SELECTOR = YES;
				GCC_WARN_UNINITIALIZED_AUTOS = YES_AGGRESSIVE;
				GCC_WARN_UNUSED_FUNCTION = YES;
				GCC_WARN_UNUSED_VARIABLE = YES;
				IPHONEOS_DEPLOYMENT_TARGET = 11.1;
				MTL_ENABLE_DEBUG_INFO = YES;
				ONLY_ACTIVE_ARCH = YES;
				SDKROOT = iphoneos;
				SWIFT_ACTIVE_COMPILATION_CONDITIONS = DEBUG;
				SWIFT_OPTIMIZATION_LEVEL = "-Onone";
			};
			name = Debug;
		};
		3031DEF12005D22B00F05DD0 /* Release */ = {
			isa = XCBuildConfiguration;
			buildSettings = {
				ALWAYS_SEARCH_USER_PATHS = NO;
				CLANG_ANALYZER_NONNULL = YES;
				CLANG_ANALYZER_NUMBER_OBJECT_CONVERSION = YES_AGGRESSIVE;
				CLANG_CXX_LANGUAGE_STANDARD = "gnu++14";
				CLANG_CXX_LIBRARY = "libc++";
				CLANG_ENABLE_MODULES = YES;
				CLANG_ENABLE_OBJC_ARC = YES;
				CLANG_WARN_BLOCK_CAPTURE_AUTORELEASING = YES;
				CLANG_WARN_BOOL_CONVERSION = YES;
				CLANG_WARN_COMMA = YES;
				CLANG_WARN_CONSTANT_CONVERSION = YES;
				CLANG_WARN_DIRECT_OBJC_ISA_USAGE = YES_ERROR;
				CLANG_WARN_DOCUMENTATION_COMMENTS = YES;
				CLANG_WARN_EMPTY_BODY = YES;
				CLANG_WARN_ENUM_CONVERSION = YES;
				CLANG_WARN_INFINITE_RECURSION = YES;
				CLANG_WARN_INT_CONVERSION = YES;
				CLANG_WARN_NON_LITERAL_NULL_CONVERSION = YES;
				CLANG_WARN_OBJC_LITERAL_CONVERSION = YES;
				CLANG_WARN_OBJC_ROOT_CLASS = YES_ERROR;
				CLANG_WARN_RANGE_LOOP_ANALYSIS = YES;
				CLANG_WARN_STRICT_PROTOTYPES = YES;
				CLANG_WARN_SUSPICIOUS_MOVE = YES;
				CLANG_WARN_UNGUARDED_AVAILABILITY = YES_AGGRESSIVE;
				CLANG_WARN_UNREACHABLE_CODE = YES;
				CLANG_WARN__DUPLICATE_METHOD_MATCH = YES;
				CODE_SIGN_IDENTITY = "iPhone Developer";
				COPY_PHASE_STRIP = NO;
				DEBUG_INFORMATION_FORMAT = "dwarf-with-dsym";
				ENABLE_NS_ASSERTIONS = NO;
				ENABLE_STRICT_OBJC_MSGSEND = YES;
				GCC_C_LANGUAGE_STANDARD = gnu11;
				GCC_NO_COMMON_BLOCKS = YES;
				GCC_WARN_64_TO_32_BIT_CONVERSION = YES;
				GCC_WARN_ABOUT_RETURN_TYPE = YES_ERROR;
				GCC_WARN_UNDECLARED_SELECTOR = YES;
				GCC_WARN_UNINITIALIZED_AUTOS = YES_AGGRESSIVE;
				GCC_WARN_UNUSED_FUNCTION = YES;
				GCC_WARN_UNUSED_VARIABLE = YES;
				IPHONEOS_DEPLOYMENT_TARGET = 11.1;
				MTL_ENABLE_DEBUG_INFO = NO;
				SDKROOT = iphoneos;
				SWIFT_OPTIMIZATION_LEVEL = "-Owholemodule";
				VALIDATE_PRODUCT = YES;
			};
			name = Release;
		};
		3031DEF32005D22B00F05DD0 /* Debug */ = {
			isa = XCBuildConfiguration;
			buildSettings = {
				ASSETCATALOG_COMPILER_APPICON_NAME = AppIcon;
				CODE_SIGN_STYLE = Automatic;
				INFOPLIST_FILE = PassingDataViewController/Info.plist;
				LD_RUNPATH_SEARCH_PATHS = "$(inherited) @executable_path/Frameworks";
				PRODUCT_BUNDLE_IDENTIFIER = com.wanching.FirstProject.PassingDataViewController;
				PRODUCT_NAME = "$(TARGET_NAME)";
				SWIFT_VERSION = 4.0;
				TARGETED_DEVICE_FAMILY = "1,2";
			};
			name = Debug;
		};
		3031DEF42005D22B00F05DD0 /* Release */ = {
			isa = XCBuildConfiguration;
			buildSettings = {
				ASSETCATALOG_COMPILER_APPICON_NAME = AppIcon;
				CODE_SIGN_STYLE = Automatic;
				INFOPLIST_FILE = PassingDataViewController/Info.plist;
				LD_RUNPATH_SEARCH_PATHS = "$(inherited) @executable_path/Frameworks";
				PRODUCT_BUNDLE_IDENTIFIER = com.wanching.FirstProject.PassingDataViewController;
				PRODUCT_NAME = "$(TARGET_NAME)";
				SWIFT_VERSION = 4.0;
				TARGETED_DEVICE_FAMILY = "1,2";
			};
			name = Release;
		};
		3031DEF62005D22B00F05DD0 /* Debug */ = {
			isa = XCBuildConfiguration;
			buildSettings = {
				ALWAYS_EMBED_SWIFT_STANDARD_LIBRARIES = YES;
				BUNDLE_LOADER = "$(TEST_HOST)";
				CODE_SIGN_STYLE = Automatic;
				INFOPLIST_FILE = PassingDataViewControllerTests/Info.plist;
				LD_RUNPATH_SEARCH_PATHS = "$(inherited) @executable_path/Frameworks @loader_path/Frameworks";
				PRODUCT_BUNDLE_IDENTIFIER = com.wanching.FirstProject.PassingDataViewControllerTests;
				PRODUCT_NAME = "$(TARGET_NAME)";
				SWIFT_VERSION = 4.0;
				TARGETED_DEVICE_FAMILY = "1,2";
				TEST_HOST = "$(BUILT_PRODUCTS_DIR)/PassingDataViewController.app/PassingDataViewController";
			};
			name = Debug;
		};
		3031DEF72005D22B00F05DD0 /* Release */ = {
			isa = XCBuildConfiguration;
			buildSettings = {
				ALWAYS_EMBED_SWIFT_STANDARD_LIBRARIES = YES;
				BUNDLE_LOADER = "$(TEST_HOST)";
				CODE_SIGN_STYLE = Automatic;
				INFOPLIST_FILE = PassingDataViewControllerTests/Info.plist;
				LD_RUNPATH_SEARCH_PATHS = "$(inherited) @executable_path/Frameworks @loader_path/Frameworks";
				PRODUCT_BUNDLE_IDENTIFIER = com.wanching.FirstProject.PassingDataViewControllerTests;
				PRODUCT_NAME = "$(TARGET_NAME)";
				SWIFT_VERSION = 4.0;
				TARGETED_DEVICE_FAMILY = "1,2";
				TEST_HOST = "$(BUILT_PRODUCTS_DIR)/PassingDataViewController.app/PassingDataViewController";
			};
			name = Release;
		};
		3031DEF92005D22B00F05DD0 /* Debug */ = {
			isa = XCBuildConfiguration;
			buildSettings = {
				ALWAYS_EMBED_SWIFT_STANDARD_LIBRARIES = YES;
				CODE_SIGN_STYLE = Automatic;
				INFOPLIST_FILE = PassingDataViewControllerUITests/Info.plist;
				LD_RUNPATH_SEARCH_PATHS = "$(inherited) @executable_path/Frameworks @loader_path/Frameworks";
				PRODUCT_BUNDLE_IDENTIFIER = com.wanching.FirstProject.PassingDataViewControllerUITests;
				PRODUCT_NAME = "$(TARGET_NAME)";
				SWIFT_VERSION = 4.0;
				TARGETED_DEVICE_FAMILY = "1,2";
				TEST_TARGET_NAME = PassingDataViewController;
			};
			name = Debug;
		};
		3031DEFA2005D22B00F05DD0 /* Release */ = {
			isa = XCBuildConfiguration;
			buildSettings = {
				ALWAYS_EMBED_SWIFT_STANDARD_LIBRARIES = YES;
				CODE_SIGN_STYLE = Automatic;
				INFOPLIST_FILE = PassingDataViewControllerUITests/Info.plist;
				LD_RUNPATH_SEARCH_PATHS = "$(inherited) @executable_path/Frameworks @loader_path/Frameworks";
				PRODUCT_BUNDLE_IDENTIFIER = com.wanching.FirstProject.PassingDataViewControllerUITests;
				PRODUCT_NAME = "$(TARGET_NAME)";
				SWIFT_VERSION = 4.0;
				TARGETED_DEVICE_FAMILY = "1,2";
				TEST_TARGET_NAME = PassingDataViewController;
			};
			name = Release;
		};
/* End XCBuildConfiguration section */

/* Begin XCConfigurationList section */
		3031DEC52005D22B00F05DD0 /* Build configuration list for PBXProject "PassingDataViewController" */ = {
			isa = XCConfigurationList;
			buildConfigurations = (
				3031DEF02005D22B00F05DD0 /* Debug */,
				3031DEF12005D22B00F05DD0 /* Release */,
			);
			defaultConfigurationIsVisible = 0;
			defaultConfigurationName = Release;
		};
		3031DEF22005D22B00F05DD0 /* Build configuration list for PBXNativeTarget "PassingDataViewController" */ = {
			isa = XCConfigurationList;
			buildConfigurations = (
				3031DEF32005D22B00F05DD0 /* Debug */,
				3031DEF42005D22B00F05DD0 /* Release */,
			);
			defaultConfigurationIsVisible = 0;
			defaultConfigurationName = Release;
		};
		3031DEF52005D22B00F05DD0 /* Build configuration list for PBXNativeTarget "PassingDataViewControllerTests" */ = {
			isa = XCConfigurationList;
			buildConfigurations = (
				3031DEF62005D22B00F05DD0 /* Debug */,
				3031DEF72005D22B00F05DD0 /* Release */,
			);
			defaultConfigurationIsVisible = 0;
			defaultConfigurationName = Release;
		};
		3031DEF82005D22B00F05DD0 /* Build configuration list for PBXNativeTarget "PassingDataViewControllerUITests" */ = {
			isa = XCConfigurationList;
			buildConfigurations = (
				3031DEF92005D22B00F05DD0 /* Debug */,
				3031DEFA2005D22B00F05DD0 /* Release */,
			);
			defaultConfigurationIsVisible = 0;
			defaultConfigurationName = Release;
		};
/* End XCConfigurationList section */
	};
	rootObject = 3031DEC22005D22B00F05DD0 /* Project object */;
}
